<Solution>
  <Configurations>
    <BuildType Name="Debug" />
    <BuildType Name="Fast" />
    <BuildType Name="Release" />
  </Configurations>
  <Folder Name="/Solution Items/" />
  <Folder Name="/Solution Items/Docker/">
    <File Path="docker-compose.yml" />
    <File Path="docker/web/Dockerfile" />
  </Folder>
  <Project Path="src/BitFlow.Web/BitFlow.Web.csproj" />
</Solution>
